
Microsoft Visual Studio Solution File, Format Version 12.00
# Visual Studio 15
VisualStudioVersion = 15.0.27130.2027
MinimumVisualStudioVersion = 10.0.40219.1
Project("{FAE04EC0-301F-11D3-BF4B-00C04F79EFBC}") = "Provider", "Provider\Provider.csproj", "{CD63C475-27A9-473A-B008-4B12BA333E6D}"
EndProject
Project("{FAE04EC0-301F-11D3-BF4B-00C04F79EFBC}") = "Provider.WebApi.Tests", "Provider.WebApi.Tests\Provider.WebApi.Tests.csproj", "{0FE1CA01-6A9A-4B1A-82EE-FD7FA1EF7389}"
EndProject
Project("{FAE04EC0-301F-11D3-BF4B-00C04F79EFBC}") = "Provider.Tests", "Provider.Tests\Provider.Tests.csproj", "{D7E50610-FCED-490E-AE79-FD52C03F699D}"
EndProject
Project("{2150E333-8FDC-42A3-9474-1A3956D46DE8}") = "Solution Items", "Solution Items", "{1A2A8C28-5176-4521-94C7-DD5C6C119ECF}"
	ProjectSection(SolutionItems) = preProject
		LICENSE.txt = LICENSE.txt
	EndProjectSection
EndProject
Global
	GlobalSection(SolutionConfigurationPlatforms) = preSolution
		Debug|Any CPU = Debug|Any CPU
		Release|Any CPU = Release|Any CPU
	EndGlobalSection
	GlobalSection(ProjectConfigurationPlatforms) = postSolution
		{CD63C475-27A9-473A-B008-4B12BA333E6D}.Debug|Any CPU.ActiveCfg = Debug|Any CPU
		{CD63C475-27A9-473A-B008-4B12BA333E6D}.Debug|Any CPU.Build.0 = Debug|Any CPU
		{CD63C475-27A9-473A-B008-4B12BA333E6D}.Release|Any CPU.ActiveCfg = Release|Any CPU
		{CD63C475-27A9-473A-B008-4B12BA333E6D}.Release|Any CPU.Build.0 = Release|Any CPU
		{0FE1CA01-6A9A-4B1A-82EE-FD7FA1EF7389}.Debug|Any CPU.ActiveCfg = Debug|Any CPU
		{0FE1CA01-6A9A-4B1A-82EE-FD7FA1EF7389}.Debug|Any CPU.Build.0 = Debug|Any CPU
		{0FE1CA01-6A9A-4B1A-82EE-FD7FA1EF7389}.Release|Any CPU.ActiveCfg = Release|Any CPU
		{0FE1CA01-6A9A-4B1A-82EE-FD7FA1EF7389}.Release|Any CPU.Build.0 = Release|Any CPU
		{D7E50610-FCED-490E-AE79-FD52C03F699D}.Debug|Any CPU.ActiveCfg = Debug|Any CPU
		{D7E50610-FCED-490E-AE79-FD52C03F699D}.Debug|Any CPU.Build.0 = Debug|Any CPU
		{D7E50610-FCED-490E-AE79-FD52C03F699D}.Release|Any CPU.ActiveCfg = Release|Any CPU
		{D7E50610-FCED-490E-AE79-FD52C03F699D}.Release|Any CPU.Build.0 = Release|Any CPU
	EndGlobalSection
	GlobalSection(SolutionProperties) = preSolution
		HideSolutionNode = FALSE
	EndGlobalSection
	GlobalSection(ExtensibilityGlobals) = postSolution
		SolutionGuid = {D2F14338-33EC-4503-90DD-F2CF719E5244}
	EndGlobalSection
EndGlobal
