
Microsoft Visual Studio Solution File, Format Version 12.00
# Visual Studio 15
VisualStudioVersion = 15.0.27130.2027
MinimumVisualStudioVersion = 10.0.40219.1
Project("{FAE04EC0-301F-11D3-BF4B-00C04F79EFBC}") = "Provider", "Provider\Provider.csproj", "{CD63C475-27A9-473A-B008-4B12BA333E6D}"
EndProject
Global
	GlobalSection(SolutionConfigurationPlatforms) = preSolution
		Debug|Any CPU = Debug|Any CPU
		Release|Any CPU = Release|Any CPU
	EndGlobalSection
	GlobalSection(ProjectConfigurationPlatforms) = postSolution
		{CD63C475-27A9-473A-B008-4B12BA333E6D}.Debug|Any CPU.ActiveCfg = Debug|Any CPU
		{CD63C475-27A9-473A-B008-4B12BA333E6D}.Debug|Any CPU.Build.0 = Debug|Any CPU
		{CD63C475-27A9-473A-B008-4B12BA333E6D}.Release|Any CPU.ActiveCfg = Release|Any CPU
		{CD63C475-27A9-473A-B008-4B12BA333E6D}.Release|Any CPU.Build.0 = Release|Any CPU
	EndGlobalSection
	GlobalSection(SolutionProperties) = preSolution
		HideSolutionNode = FALSE
	EndGlobalSection
	GlobalSection(ExtensibilityGlobals) = postSolution
		SolutionGuid = {D2F14338-33EC-4503-90DD-F2CF719E5244}
	EndGlobalSection
EndGlobal
